uuid: 9cbe0353-ac0b-47eb-963b-5b4bbb42ffaa
langcode: en
status: true
dependencies:
  module:
    - nidirect_cold_weather_payments
  theme:
    - bartik
id: coldweatherpaymentcheckerblock
theme: bartik
region: sidebar_first
weight: -7
provider: null
plugin: cold_weather_payment_checker_block
settings:
  id: cold_weather_payment_checker_block
  label: 'Cold weather payment checker block'
  provider: nidirect_cold_weather_payments
  label_display: visible
visibility: {  }
